
Microsoft Visual Studio Solution File, Format Version 12.00
# Visual Studio 15
VisualStudioVersion = 15.0.28307.1684
MinimumVisualStudioVersion = 10.0.40219.1
Project("{FAE04EC0-301F-11D3-BF4B-00C04F79EFBC}") = "AllinOneAPI", "AllinOneAPI\AllinOneAPI.csproj", "{09522ACC-5619-485B-B0A3-46CE36EDC6A6}"
EndProject
Project("{FAE04EC0-301F-11D3-BF4B-00C04F79EFBC}") = "Product.BL", "Product.BL\Product.BL.csproj", "{6FB4D80B-92FB-42D9-92FD-9D72084D260F}"
EndProject
Project("{FAE04EC0-301F-11D3-BF4B-00C04F79EFBC}") = "product.IBL", "product.IBL\product.IBL.csproj", "{53FBCB94-DB8B-474F-9A7A-2FCCAE0A6F4B}"
EndProject
Project("{FAE04EC0-301F-11D3-BF4B-00C04F79EFBC}") = "Product.Data", "Product.Data\Product.Data.csproj", "{69113CFA-F909-46DD-8E03-70A4125C8A02}"
EndProject
Project("{FAE04EC0-301F-11D3-BF4B-00C04F79EFBC}") = "Product.Model", "Product.Model\Product.Model.csproj", "{501B29F6-3190-4196-89AA-63E44F7A2680}"
EndProject
Global
	GlobalSection(SolutionConfigurationPlatforms) = preSolution
		Debug|Any CPU = Debug|Any CPU
		Release|Any CPU = Release|Any CPU
	EndGlobalSection
	GlobalSection(ProjectConfigurationPlatforms) = postSolution
		{09522ACC-5619-485B-B0A3-46CE36EDC6A6}.Debug|Any CPU.ActiveCfg = Debug|Any CPU
		{09522ACC-5619-485B-B0A3-46CE36EDC6A6}.Debug|Any CPU.Build.0 = Debug|Any CPU
		{09522ACC-5619-485B-B0A3-46CE36EDC6A6}.Release|Any CPU.ActiveCfg = Release|Any CPU
		{09522ACC-5619-485B-B0A3-46CE36EDC6A6}.Release|Any CPU.Build.0 = Release|Any CPU
		{6FB4D80B-92FB-42D9-92FD-9D72084D260F}.Debug|Any CPU.ActiveCfg = Debug|Any CPU
		{6FB4D80B-92FB-42D9-92FD-9D72084D260F}.Debug|Any CPU.Build.0 = Debug|Any CPU
		{6FB4D80B-92FB-42D9-92FD-9D72084D260F}.Release|Any CPU.ActiveCfg = Release|Any CPU
		{6FB4D80B-92FB-42D9-92FD-9D72084D260F}.Release|Any CPU.Build.0 = Release|Any CPU
		{53FBCB94-DB8B-474F-9A7A-2FCCAE0A6F4B}.Debug|Any CPU.ActiveCfg = Debug|Any CPU
		{53FBCB94-DB8B-474F-9A7A-2FCCAE0A6F4B}.Debug|Any CPU.Build.0 = Debug|Any CPU
		{53FBCB94-DB8B-474F-9A7A-2FCCAE0A6F4B}.Release|Any CPU.ActiveCfg = Release|Any CPU
		{53FBCB94-DB8B-474F-9A7A-2FCCAE0A6F4B}.Release|Any CPU.Build.0 = Release|Any CPU
		{69113CFA-F909-46DD-8E03-70A4125C8A02}.Debug|Any CPU.ActiveCfg = Debug|Any CPU
		{69113CFA-F909-46DD-8E03-70A4125C8A02}.Debug|Any CPU.Build.0 = Debug|Any CPU
		{69113CFA-F909-46DD-8E03-70A4125C8A02}.Release|Any CPU.ActiveCfg = Release|Any CPU
		{69113CFA-F909-46DD-8E03-70A4125C8A02}.Release|Any CPU.Build.0 = Release|Any CPU
		{501B29F6-3190-4196-89AA-63E44F7A2680}.Debug|Any CPU.ActiveCfg = Debug|Any CPU
		{501B29F6-3190-4196-89AA-63E44F7A2680}.Debug|Any CPU.Build.0 = Debug|Any CPU
		{501B29F6-3190-4196-89AA-63E44F7A2680}.Release|Any CPU.ActiveCfg = Release|Any CPU
		{501B29F6-3190-4196-89AA-63E44F7A2680}.Release|Any CPU.Build.0 = Release|Any CPU
	EndGlobalSection
	GlobalSection(SolutionProperties) = preSolution
		HideSolutionNode = FALSE
	EndGlobalSection
	GlobalSection(ExtensibilityGlobals) = postSolution
		SolutionGuid = {CFCE3828-6022-48EE-B54F-EADE81182540}
	EndGlobalSection
EndGlobal
